
Microsoft Visual Studio Solution File, Format Version 12.00
# Visual Studio Version 16
VisualStudioVersion = 16.0.29519.87
MinimumVisualStudioVersion = 10.0.40219.1
Project("{FAE04EC0-301F-11D3-BF4B-00C04F79EFBC}") = "TakeAPI", "TakeBot\TakeAPI.csproj", "{4E01C9EF-968C-4991-8B63-1CED5A23BF23}"
EndProject
Global
	GlobalSection(SolutionConfigurationPlatforms) = preSolution
		Debug|Any CPU = Debug|Any CPU
		Release|Any CPU = Release|Any CPU
	EndGlobalSection
	GlobalSection(ProjectConfigurationPlatforms) = postSolution
		{4E01C9EF-968C-4991-8B63-1CED5A23BF23}.Debug|Any CPU.ActiveCfg = Debug|Any CPU
		{4E01C9EF-968C-4991-8B63-1CED5A23BF23}.Debug|Any CPU.Build.0 = Debug|Any CPU
		{4E01C9EF-968C-4991-8B63-1CED5A23BF23}.Release|Any CPU.ActiveCfg = Release|Any CPU
		{4E01C9EF-968C-4991-8B63-1CED5A23BF23}.Release|Any CPU.Build.0 = Release|Any CPU
	EndGlobalSection
	GlobalSection(SolutionProperties) = preSolution
		HideSolutionNode = FALSE
	EndGlobalSection
	GlobalSection(ExtensibilityGlobals) = postSolution
		SolutionGuid = {930CBC22-D567-4704-85DC-8E3762AA8A4E}
	EndGlobalSection
EndGlobal
